
Microsoft Visual Studio Solution File, Format Version 12.00
# Visual Studio Version 16
VisualStudioVersion = 16.0.31424.327
MinimumVisualStudioVersion = 10.0.40219.1
Project("{FAE04EC0-301F-11D3-BF4B-00C04F79EFBC}") = "wf-SysAcademico", "sistemaAcademico\wf-SysAcademico.csproj", "{7DC12A1E-7614-471E-9563-6EB7D330A9DD}"
EndProject
Project("{FAE04EC0-301F-11D3-BF4B-00C04F79EFBC}") = "cl-model", "cl-model\cl-model.csproj", "{499F1827-D9EF-4A94-BA6F-9421B6553077}"
EndProject
Project("{FAE04EC0-301F-11D3-BF4B-00C04F79EFBC}") = "cl-dal", "cl-dal\cl-dal.csproj", "{F3CF8F7B-A09E-4988-864D-4DC98A8D46D9}"
EndProject
Global
	GlobalSection(SolutionConfigurationPlatforms) = preSolution
		Debug|Any CPU = Debug|Any CPU
		Release|Any CPU = Release|Any CPU
	EndGlobalSection
	GlobalSection(ProjectConfigurationPlatforms) = postSolution
		{7DC12A1E-7614-471E-9563-6EB7D330A9DD}.Debug|Any CPU.ActiveCfg = Debug|Any CPU
		{7DC12A1E-7614-471E-9563-6EB7D330A9DD}.Debug|Any CPU.Build.0 = Debug|Any CPU
		{7DC12A1E-7614-471E-9563-6EB7D330A9DD}.Release|Any CPU.ActiveCfg = Release|Any CPU
		{7DC12A1E-7614-471E-9563-6EB7D330A9DD}.Release|Any CPU.Build.0 = Release|Any CPU
		{499F1827-D9EF-4A94-BA6F-9421B6553077}.Debug|Any CPU.ActiveCfg = Debug|Any CPU
		{499F1827-D9EF-4A94-BA6F-9421B6553077}.Debug|Any CPU.Build.0 = Debug|Any CPU
		{499F1827-D9EF-4A94-BA6F-9421B6553077}.Release|Any CPU.ActiveCfg = Release|Any CPU
		{499F1827-D9EF-4A94-BA6F-9421B6553077}.Release|Any CPU.Build.0 = Release|Any CPU
		{F3CF8F7B-A09E-4988-864D-4DC98A8D46D9}.Debug|Any CPU.ActiveCfg = Debug|Any CPU
		{F3CF8F7B-A09E-4988-864D-4DC98A8D46D9}.Debug|Any CPU.Build.0 = Debug|Any CPU
		{F3CF8F7B-A09E-4988-864D-4DC98A8D46D9}.Release|Any CPU.ActiveCfg = Release|Any CPU
		{F3CF8F7B-A09E-4988-864D-4DC98A8D46D9}.Release|Any CPU.Build.0 = Release|Any CPU
	EndGlobalSection
	GlobalSection(SolutionProperties) = preSolution
		HideSolutionNode = FALSE
	EndGlobalSection
	GlobalSection(ExtensibilityGlobals) = postSolution
		SolutionGuid = {1C5AA798-7C4A-4EB1-A641-3F52C389DFBA}
	EndGlobalSection
EndGlobal
